
Microsoft Visual Studio Solution File, Format Version 12.00
# Visual Studio 2012
Project("{FAE04EC0-301F-11D3-BF4B-00C04F79EFBC}") = "SequentialGuid.Demo", "SequentialGuid.Demo\SequentialGuid.Demo.csproj", "{C9B2DD84-3303-47CE-9F7A-85AE7C7699D9}"
EndProject
Project("{FAE04EC0-301F-11D3-BF4B-00C04F79EFBC}") = "SequentialGuid", "SequentialGuid\SequentialGuid.csproj", "{52EE6D7A-286D-44D1-B189-F1F027808E61}"
EndProject
Global
	GlobalSection(SolutionConfigurationPlatforms) = preSolution
		Debug|Any CPU = Debug|Any CPU
		Release|Any CPU = Release|Any CPU
	EndGlobalSection
	GlobalSection(ProjectConfigurationPlatforms) = postSolution
		{C9B2DD84-3303-47CE-9F7A-85AE7C7699D9}.Debug|Any CPU.ActiveCfg = Debug|Any CPU
		{C9B2DD84-3303-47CE-9F7A-85AE7C7699D9}.Debug|Any CPU.Build.0 = Debug|Any CPU
		{C9B2DD84-3303-47CE-9F7A-85AE7C7699D9}.Release|Any CPU.ActiveCfg = Release|Any CPU
		{C9B2DD84-3303-47CE-9F7A-85AE7C7699D9}.Release|Any CPU.Build.0 = Release|Any CPU
		{52EE6D7A-286D-44D1-B189-F1F027808E61}.Debug|Any CPU.ActiveCfg = Debug|Any CPU
		{52EE6D7A-286D-44D1-B189-F1F027808E61}.Debug|Any CPU.Build.0 = Debug|Any CPU
		{52EE6D7A-286D-44D1-B189-F1F027808E61}.Release|Any CPU.ActiveCfg = Release|Any CPU
		{52EE6D7A-286D-44D1-B189-F1F027808E61}.Release|Any CPU.Build.0 = Release|Any CPU
	EndGlobalSection
	GlobalSection(SolutionProperties) = preSolution
		HideSolutionNode = FALSE
	EndGlobalSection
EndGlobal
